
Microsoft Visual Studio Solution File, Format Version 12.00
# Visual Studio 15
VisualStudioVersion = 15.0.28307.168
MinimumVisualStudioVersion = 10.0.40219.1
Project("{FAE04EC0-301F-11D3-BF4B-00C04F79EFBC}") = "ThomasSite", "ThomasSite\ThomasSite.csproj", "{DD9540FF-E266-4E0A-950A-D048F9ACB727}"
EndProject
Global
	GlobalSection(SolutionConfigurationPlatforms) = preSolution
		Debug|Any CPU = Debug|Any CPU
		Release|Any CPU = Release|Any CPU
	EndGlobalSection
	GlobalSection(ProjectConfigurationPlatforms) = postSolution
		{DD9540FF-E266-4E0A-950A-D048F9ACB727}.Debug|Any CPU.ActiveCfg = Debug|Any CPU
		{DD9540FF-E266-4E0A-950A-D048F9ACB727}.Debug|Any CPU.Build.0 = Debug|Any CPU
		{DD9540FF-E266-4E0A-950A-D048F9ACB727}.Release|Any CPU.ActiveCfg = Release|Any CPU
		{DD9540FF-E266-4E0A-950A-D048F9ACB727}.Release|Any CPU.Build.0 = Release|Any CPU
	EndGlobalSection
	GlobalSection(SolutionProperties) = preSolution
		HideSolutionNode = FALSE
	EndGlobalSection
	GlobalSection(ExtensibilityGlobals) = postSolution
		SolutionGuid = {11C827E1-709B-42B2-A87F-C898FE218046}
	EndGlobalSection
EndGlobal
